
Microsoft Visual Studio Solution File, Format Version 12.00
# Visual Studio Version 17
VisualStudioVersion = 17.1.32328.378
MinimumVisualStudioVersion = 10.0.40219.1
Project("{FAE04EC0-301F-11D3-BF4B-00C04F79EFBC}") = "TestAPI", "TestAPI\TestAPI.csproj", "{C0239182-5CAC-4745-ADAD-24416A128667}"
EndProject
Global
	GlobalSection(SolutionConfigurationPlatforms) = preSolution
		Debug|Any CPU = Debug|Any CPU
		Release|Any CPU = Release|Any CPU
	EndGlobalSection
	GlobalSection(ProjectConfigurationPlatforms) = postSolution
		{C0239182-5CAC-4745-ADAD-24416A128667}.Debug|Any CPU.ActiveCfg = Debug|Any CPU
		{C0239182-5CAC-4745-ADAD-24416A128667}.Debug|Any CPU.Build.0 = Debug|Any CPU
		{C0239182-5CAC-4745-ADAD-24416A128667}.Release|Any CPU.ActiveCfg = Release|Any CPU
		{C0239182-5CAC-4745-ADAD-24416A128667}.Release|Any CPU.Build.0 = Release|Any CPU
	EndGlobalSection
	GlobalSection(SolutionProperties) = preSolution
		HideSolutionNode = FALSE
	EndGlobalSection
	GlobalSection(ExtensibilityGlobals) = postSolution
		SolutionGuid = {D12EDD83-611E-4149-AB8E-1B0F94DA6DD5}
	EndGlobalSection
EndGlobal
